Microsoft Visual Studio Solution File, Format Version 12.00
# Visual Studio Version 17
VisualStudioVersion = 17.5.2.0
MinimumVisualStudioVersion = 10.0.40219.1
Project("{FAE04EC0-301F-11D3-BF4B-00C04F79EFBC}") = "GazePro", "GazePro.csproj", "{F6C8E878-6C61-CF40-0DD8-E0AB22592D6B}"
EndProject
Global
	GlobalSection(SolutionConfigurationPlatforms) = preSolution
		Debug|Any CPU = Debug|Any CPU
		Release|Any CPU = Release|Any CPU
	EndGlobalSection
	GlobalSection(ProjectConfigurationPlatforms) = postSolution
		{F6C8E878-6C61-CF40-0DD8-E0AB22592D6B}.Debug|Any CPU.ActiveCfg = Debug|Any CPU
		{F6C8E878-6C61-CF40-0DD8-E0AB22592D6B}.Debug|Any CPU.Build.0 = Debug|Any CPU
		{F6C8E878-6C61-CF40-0DD8-E0AB22592D6B}.Release|Any CPU.ActiveCfg = Release|Any CPU
		{F6C8E878-6C61-CF40-0DD8-E0AB22592D6B}.Release|Any CPU.Build.0 = Release|Any CPU
	EndGlobalSection
	GlobalSection(SolutionProperties) = preSolution
		HideSolutionNode = FALSE
	EndGlobalSection
	GlobalSection(ExtensibilityGlobals) = postSolution
		SolutionGuid = {45827AED-4745-456A-817D-AAFD42009D78}
	EndGlobalSection
EndGlobal
